<?xml version="1.0" encoding="utf-8"?>
<Project ToolsVersion="4.0" xmlns="http://schemas.microsoft.com/developer/msbuild/2003">
  <ItemGroup>
    <Filter Include="Source Files">
      <UniqueIdentifier>{4FC737F1-C7A5-4376-A066-2A32D752A2FF}</UniqueIdentifier>
      <Extensions>cpp;cxx;c;def</Extensions>
    </Filter>
    <Filter Include="Header Files">
      <UniqueIdentifier>{93995380-89BD-4b04-88EB-625FBE52EBFB}</UniqueIdentifier>
      <Extensions>h</Extensions>
    </Filter>
    <Filter Include="Form Files">
      <UniqueIdentifier>{99349809-55BA-4b9d-BF79-8FDBB0286EB3}</UniqueIdentifier>
      <Extensions>ui</Extensions>
    </Filter>
    <Filter Include="Generated Files">
      <UniqueIdentifier>{71ED8ED8-ACB9-4CE9-BBE1-E00B30144E11}</UniqueIdentifier>
      <Extensions>moc;h;cpp</Extensions>
      <SourceControlFiles>False</SourceControlFiles>
    </Filter>
    <Filter Include="Generated Files\Debug">
      <UniqueIdentifier>{46e29fe0-ebfc-4e93-bf0c-35aee5f16d66}</UniqueIdentifier>
      <Extensions>cpp;moc</Extensions>
      <SourceControlFiles>False</SourceControlFiles>
    </Filter>
    <Filter Include="Generated Files\Release">
      <UniqueIdentifier>{dc0646b7-208f-4529-98b2-fd7415cdfb58}</UniqueIdentifier>
      <Extensions>cpp;moc</Extensions>
      <SourceControlFiles>False</SourceControlFiles>
    </Filter>
    <Filter Include="Source Files\Editors">
      <UniqueIdentifier>{b3dc611f-9a11-4f41-ac4e-ab163562dc0b}</UniqueIdentifier>
    </Filter>
    <Filter Include="Header Files\Editors">
      <UniqueIdentifier>{f504da46-6317-4350-bcea-69ab33433337}</UniqueIdentifier>
    </Filter>
    <Filter Include="Images">
      <UniqueIdentifier>{f02f31bd-56ca-424d-8607-e239248593af}</UniqueIdentifier>
    </Filter>
    <Filter Include="Source Files\QVariantChildPropertyItems">
      <UniqueIdentifier>{3f54b67a-6c39-4be5-90de-97fb34c39ef9}</UniqueIdentifier>
    </Filter>
    <Filter Include="Header Files\QVariantChildPropertyItems">
      <UniqueIdentifier>{514e767f-4213-4380-9a48-50f06589f1d8}</UniqueIdentifier>
    </Filter>
    <Filter Include="Resource Files">
      <UniqueIdentifier>{D9D6E242-F8AF-46E4-B9FD-80ECBC20BA3E}</UniqueIdentifier>
      <Extensions>qrc;*</Extensions>
      <ParseFiles>false</ParseFiles>
    </Filter>
  </ItemGroup>
  <ItemGroup>
    <ClCompile Include="stdafx.cpp">
      <Filter>Source Files</Filter>
    </ClCompile>
    <ClCompile Include="qpropertymodel.cpp">
      <Filter>Source Files</Filter>
    </ClCompile>
    <ClCompile Include="qobjectclasspropertyitem.cpp">
      <Filter>Source Files</Filter>
    </ClCompile>
    <ClCompile Include="qobjectpropertyitem.cpp">
      <Filter>Source Files</Filter>
    </ClCompile>
    <ClCompile Include="qpropertyitem.cpp">
      <Filter>Source Files</Filter>
    </ClCompile>
    <ClCompile Include="GeneratedFiles\Debug\moc_qobjectclasspropertyitem.cpp">
      <Filter>Generated Files\Debug</Filter>
    </ClCompile>
    <ClCompile Include="GeneratedFiles\Release\moc_qobjectclasspropertyitem.cpp">
      <Filter>Generated Files\Release</Filter>
    </ClCompile>
    <ClCompile Include="GeneratedFiles\Debug\moc_qobjectpropertyitem.cpp">
      <Filter>Generated Files\Debug</Filter>
    </ClCompile>
    <ClCompile Include="GeneratedFiles\Release\moc_qobjectpropertyitem.cpp">
      <Filter>Generated Files\Release</Filter>
    </ClCompile>
    <ClCompile Include="GeneratedFiles\Debug\moc_qpropertyitem.cpp">
      <Filter>Generated Files\Debug</Filter>
    </ClCompile>
    <ClCompile Include="GeneratedFiles\Release\moc_qpropertyitem.cpp">
      <Filter>Generated Files\Release</Filter>
    </ClCompile>
    <ClCompile Include="GeneratedFiles\Debug\moc_qpropertyitemdelegate.cpp">
      <Filter>Generated Files\Debug</Filter>
    </ClCompile>
    <ClCompile Include="GeneratedFiles\Release\moc_qpropertyitemdelegate.cpp">
      <Filter>Generated Files\Release</Filter>
    </ClCompile>
    <ClCompile Include="qvariantpropertyitem.cpp">
      <Filter>Source Files</Filter>
    </ClCompile>
    <ClCompile Include="GeneratedFiles\Debug\moc_qvariantpropertyitem.cpp">
      <Filter>Generated Files\Debug</Filter>
    </ClCompile>
    <ClCompile Include="GeneratedFiles\Release\moc_qvariantpropertyitem.cpp">
      <Filter>Generated Files\Release</Filter>
    </ClCompile>
    <ClCompile Include="GeneratedFiles\Debug\moc_qbasepropertyitemeditor.cpp">
      <Filter>Generated Files\Debug</Filter>
    </ClCompile>
    <ClCompile Include="GeneratedFiles\Release\moc_qbasepropertyitemeditor.cpp">
      <Filter>Generated Files\Release</Filter>
    </ClCompile>
    <ClCompile Include="qbasepropertyitemeditor.cpp">
      <Filter>Source Files\Editors</Filter>
    </ClCompile>
    <ClCompile Include="GeneratedFiles\qrc_qpropertymodel.cpp">
      <Filter>Generated Files</Filter>
    </ClCompile>
    <ClCompile Include="GeneratedFiles\Debug\moc_qpopuppropertyitemeditor.cpp">
      <Filter>Generated Files\Debug</Filter>
    </ClCompile>
    <ClCompile Include="GeneratedFiles\Release\moc_qpopuppropertyitemeditor.cpp">
      <Filter>Generated Files\Release</Filter>
    </ClCompile>
    <ClCompile Include="qpopuppropertyitemeditor.cpp">
      <Filter>Source Files\Editors</Filter>
    </ClCompile>
    <ClCompile Include="qboolpropertyitem.cpp">
      <Filter>Source Files</Filter>
    </ClCompile>
    <ClCompile Include="GeneratedFiles\Debug\moc_qboolpropertyitem.cpp">
      <Filter>Generated Files\Debug</Filter>
    </ClCompile>
    <ClCompile Include="GeneratedFiles\Release\moc_qboolpropertyitem.cpp">
      <Filter>Generated Files\Release</Filter>
    </ClCompile>
    <ClCompile Include="qpropertyitemdelegate.cpp">
      <Filter>Source Files\Editors</Filter>
    </ClCompile>
    <ClCompile Include="GeneratedFiles\Debug\moc_qcolorpropertyitemeditor.cpp">
      <Filter>Generated Files\Debug</Filter>
    </ClCompile>
    <ClCompile Include="GeneratedFiles\Release\moc_qcolorpropertyitemeditor.cpp">
      <Filter>Generated Files\Release</Filter>
    </ClCompile>
    <ClCompile Include="qcolorpropertyitemeditor.cpp">
      <Filter>Source Files\Editors</Filter>
    </ClCompile>
    <ClCompile Include="GeneratedFiles\Debug\moc_qfontpropertyitemeditor.cpp">
      <Filter>Generated Files\Debug</Filter>
    </ClCompile>
    <ClCompile Include="GeneratedFiles\Release\moc_qfontpropertyitemeditor.cpp">
      <Filter>Generated Files\Release</Filter>
    </ClCompile>
    <ClCompile Include="qfontpropertyitemeditor.cpp">
      <Filter>Source Files\Editors</Filter>
    </ClCompile>
    <ClCompile Include="qfontpropertyitem.cpp">
      <Filter>Source Files</Filter>
    </ClCompile>
    <ClCompile Include="GeneratedFiles\Debug\moc_qfontpropertyitem.cpp">
      <Filter>Generated Files\Debug</Filter>
    </ClCompile>
    <ClCompile Include="GeneratedFiles\Release\moc_qfontpropertyitem.cpp">
      <Filter>Generated Files\Release</Filter>
    </ClCompile>
    <ClCompile Include="qfontfamilypropertyitem.cpp">
      <Filter>Source Files</Filter>
    </ClCompile>
    <ClCompile Include="GeneratedFiles\Debug\moc_qfontfamilypropertyitem.cpp">
      <Filter>Generated Files\Debug</Filter>
    </ClCompile>
    <ClCompile Include="GeneratedFiles\Release\moc_qfontfamilypropertyitem.cpp">
      <Filter>Generated Files\Release</Filter>
    </ClCompile>
    <ClCompile Include="GeneratedFiles\Debug\moc_qchildboolpropertyitem.cpp">
      <Filter>Generated Files\Debug</Filter>
    </ClCompile>
    <ClCompile Include="GeneratedFiles\Release\moc_qchildboolpropertyitem.cpp">
      <Filter>Generated Files\Release</Filter>
    </ClCompile>
    <ClCompile Include="qchildboolpropertyitem.cpp">
      <Filter>Source Files\QVariantChildPropertyItems</Filter>
    </ClCompile>
    <ClCompile Include="qenumpropertyitem.cpp">
      <Filter>Source Files</Filter>
    </ClCompile>
    <ClCompile Include="GeneratedFiles\Debug\moc_qenumpropertyitem.cpp">
      <Filter>Generated Files\Debug</Filter>
    </ClCompile>
    <ClCompile Include="GeneratedFiles\Release\moc_qenumpropertyitem.cpp">
      <Filter>Generated Files\Release</Filter>
    </ClCompile>
    <ClCompile Include="GeneratedFiles\Debug\moc_qchildenumpropertyitem.cpp">
      <Filter>Generated Files\Debug</Filter>
    </ClCompile>
    <ClCompile Include="GeneratedFiles\Release\moc_qchildenumpropertyitem.cpp">
      <Filter>Generated Files\Release</Filter>
    </ClCompile>
    <ClCompile Include="qchildenumpropertyitem.cpp">
      <Filter>Source Files\QVariantChildPropertyItems</Filter>
    </ClCompile>
    <ClCompile Include="GeneratedFiles\Debug\moc_qselectfromlistpropertyitemeditor.cpp">
      <Filter>Generated Files\Debug</Filter>
    </ClCompile>
    <ClCompile Include="GeneratedFiles\Release\moc_qselectfromlistpropertyitemeditor.cpp">
      <Filter>Generated Files\Release</Filter>
    </ClCompile>
    <ClCompile Include="qselectfromlistpropertyitemeditor.cpp">
      <Filter>Source Files\Editors</Filter>
    </ClCompile>
    <ClCompile Include="qflagspropertyitem.cpp">
      <Filter>Source Files</Filter>
    </ClCompile>
    <ClCompile Include="GeneratedFiles\Debug\moc_qflagspropertyitem.cpp">
      <Filter>Generated Files\Debug</Filter>
    </ClCompile>
    <ClCompile Include="GeneratedFiles\Release\moc_qflagspropertyitem.cpp">
      <Filter>Generated Files\Release</Filter>
    </ClCompile>
    <ClCompile Include="GeneratedFiles\Debug\moc_qimagepropertyitemeditor.cpp">
      <Filter>Generated Files\Debug</Filter>
    </ClCompile>
    <ClCompile Include="GeneratedFiles\Release\moc_qimagepropertyitemeditor.cpp">
      <Filter>Generated Files\Release</Filter>
    </ClCompile>
    <ClCompile Include="qimagepropertyitemeditor.cpp">
      <Filter>Source Files\Editors</Filter>
    </ClCompile>
    <ClCompile Include="qimagepropertyitem.cpp">
      <Filter>Source Files</Filter>
    </ClCompile>
    <ClCompile Include="GeneratedFiles\Debug\moc_qimagepropertyitem.cpp">
      <Filter>Generated Files\Debug</Filter>
    </ClCompile>
    <ClCompile Include="GeneratedFiles\Release\moc_qimagepropertyitem.cpp">
      <Filter>Generated Files\Release</Filter>
    </ClCompile>
    <ClCompile Include="qiconpropertyitem.cpp">
      <Filter>Source Files</Filter>
    </ClCompile>
    <ClCompile Include="GeneratedFiles\Debug\moc_qiconpropertyitem.cpp">
      <Filter>Generated Files\Debug</Filter>
    </ClCompile>
    <ClCompile Include="GeneratedFiles\Release\moc_qiconpropertyitem.cpp">
      <Filter>Generated Files\Release</Filter>
    </ClCompile>
    <ClCompile Include="GeneratedFiles\Debug\moc_qchildiconpropertyitem.cpp">
      <Filter>Generated Files\Debug</Filter>
    </ClCompile>
    <ClCompile Include="GeneratedFiles\Release\moc_qchildiconpropertyitem.cpp">
      <Filter>Generated Files\Release</Filter>
    </ClCompile>
    <ClCompile Include="qchildiconpropertyitem.cpp">
      <Filter>Source Files\QVariantChildPropertyItems</Filter>
    </ClCompile>
    <ClCompile Include="qsizepropertyitem.cpp">
      <Filter>Source Files</Filter>
    </ClCompile>
    <ClCompile Include="GeneratedFiles\Debug\moc_qsizepropertyitem.cpp">
      <Filter>Generated Files\Debug</Filter>
    </ClCompile>
    <ClCompile Include="GeneratedFiles\Release\moc_qsizepropertyitem.cpp">
      <Filter>Generated Files\Release</Filter>
    </ClCompile>
    <ClCompile Include="qsizefpropertyitem.cpp">
      <Filter>Source Files</Filter>
    </ClCompile>
    <ClCompile Include="GeneratedFiles\Debug\moc_qsizefpropertyitem.cpp">
      <Filter>Generated Files\Debug</Filter>
    </ClCompile>
    <ClCompile Include="GeneratedFiles\Release\moc_qsizefpropertyitem.cpp">
      <Filter>Generated Files\Release</Filter>
    </ClCompile>
    <ClCompile Include="qrectpropertyitem.cpp">
      <Filter>Source Files</Filter>
    </ClCompile>
    <ClCompile Include="GeneratedFiles\Debug\moc_qrectpropertyitem.cpp">
      <Filter>Generated Files\Debug</Filter>
    </ClCompile>
    <ClCompile Include="GeneratedFiles\Release\moc_qrectpropertyitem.cpp">
      <Filter>Generated Files\Release</Filter>
    </ClCompile>
    <ClCompile Include="qrectfpropertyitem.cpp">
      <Filter>Source Files</Filter>
    </ClCompile>
    <ClCompile Include="GeneratedFiles\Debug\moc_qrectfpropertyitem.cpp">
      <Filter>Generated Files\Debug</Filter>
    </ClCompile>
    <ClCompile Include="GeneratedFiles\Release\moc_qrectfpropertyitem.cpp">
      <Filter>Generated Files\Release</Filter>
    </ClCompile>
    <ClCompile Include="qpointpropertyitem.cpp">
      <Filter>Source Files</Filter>
    </ClCompile>
    <ClCompile Include="GeneratedFiles\Debug\moc_qpointpropertyitem.cpp">
      <Filter>Generated Files\Debug</Filter>
    </ClCompile>
    <ClCompile Include="GeneratedFiles\Release\moc_qpointpropertyitem.cpp">
      <Filter>Generated Files\Release</Filter>
    </ClCompile>
    <ClCompile Include="qpointfpropertyitem.cpp">
      <Filter>Source Files</Filter>
    </ClCompile>
    <ClCompile Include="GeneratedFiles\Debug\moc_qpointfpropertyitem.cpp">
      <Filter>Generated Files\Debug</Filter>
    </ClCompile>
    <ClCompile Include="GeneratedFiles\Release\moc_qpointfpropertyitem.cpp">
      <Filter>Generated Files\Release</Filter>
    </ClCompile>
    <ClCompile Include="GeneratedFiles\Debug\moc_qchildpointpropertyitem.cpp">
      <Filter>Generated Files\Debug</Filter>
    </ClCompile>
    <ClCompile Include="GeneratedFiles\Release\moc_qchildpointpropertyitem.cpp">
      <Filter>Generated Files\Release</Filter>
    </ClCompile>
    <ClCompile Include="qchildpointpropertyitem.cpp">
      <Filter>Source Files\QVariantChildPropertyItems</Filter>
    </ClCompile>
    <ClCompile Include="GeneratedFiles\Debug\moc_qchildpointfpropertyitem.cpp">
      <Filter>Generated Files\Debug</Filter>
    </ClCompile>
    <ClCompile Include="GeneratedFiles\Release\moc_qchildpointfpropertyitem.cpp">
      <Filter>Generated Files\Release</Filter>
    </ClCompile>
    <ClCompile Include="qchildpointfpropertyitem.cpp">
      <Filter>Source Files\QVariantChildPropertyItems</Filter>
    </ClCompile>
    <ClCompile Include="qlinepropertyitem.cpp">
      <Filter>Source Files</Filter>
    </ClCompile>
    <ClCompile Include="GeneratedFiles\Debug\moc_qlinepropertyitem.cpp">
      <Filter>Generated Files\Debug</Filter>
    </ClCompile>
    <ClCompile Include="GeneratedFiles\Release\moc_qlinepropertyitem.cpp">
      <Filter>Generated Files\Release</Filter>
    </ClCompile>
    <ClCompile Include="qlinefpropertyitem.cpp">
      <Filter>Source Files</Filter>
    </ClCompile>
    <ClCompile Include="GeneratedFiles\Debug\moc_qlinefpropertyitem.cpp">
      <Filter>Generated Files\Debug</Filter>
    </ClCompile>
    <ClCompile Include="GeneratedFiles\Release\moc_qlinefpropertyitem.cpp">
      <Filter>Generated Files\Release</Filter>
    </ClCompile>
    <ClCompile Include="qpenpropertyitem.cpp">
      <Filter>Source Files</Filter>
    </ClCompile>
    <ClCompile Include="GeneratedFiles\Debug\moc_qpenpropertyitem.cpp">
      <Filter>Generated Files\Debug</Filter>
    </ClCompile>
    <ClCompile Include="GeneratedFiles\Release\moc_qpenpropertyitem.cpp">
      <Filter>Generated Files\Release</Filter>
    </ClCompile>
    <ClCompile Include="qbrushpropertyitem.cpp">
      <Filter>Source Files</Filter>
    </ClCompile>
    <ClCompile Include="GeneratedFiles\Debug\moc_qbrushpropertyitem.cpp">
      <Filter>Generated Files\Debug</Filter>
    </ClCompile>
    <ClCompile Include="GeneratedFiles\Release\moc_qbrushpropertyitem.cpp">
      <Filter>Generated Files\Release</Filter>
    </ClCompile>
    <ClCompile Include="GeneratedFiles\Debug\moc_qchildbrushpropertyitem.cpp">
      <Filter>Generated Files\Debug</Filter>
    </ClCompile>
    <ClCompile Include="GeneratedFiles\Release\moc_qchildbrushpropertyitem.cpp">
      <Filter>Generated Files\Release</Filter>
    </ClCompile>
    <ClCompile Include="qchildbrushpropertyitem.cpp">
      <Filter>Source Files\QVariantChildPropertyItems</Filter>
    </ClCompile>
    <ClCompile Include="GeneratedFiles\Debug\moc_qcustomdoublespinbox.cpp">
      <Filter>Generated Files\Debug</Filter>
    </ClCompile>
    <ClCompile Include="GeneratedFiles\Release\moc_qcustomdoublespinbox.cpp">
      <Filter>Generated Files\Release</Filter>
    </ClCompile>
    <ClCompile Include="qcustomdoublespinbox.cpp">
      <Filter>Source Files\Editors</Filter>
    </ClCompile>
    <ClCompile Include="qvector2dpropertyitem.cpp">
      <Filter>Source Files</Filter>
    </ClCompile>
    <ClCompile Include="GeneratedFiles\Debug\moc_qvector2dpropertyitem.cpp">
      <Filter>Generated Files\Debug</Filter>
    </ClCompile>
    <ClCompile Include="GeneratedFiles\Release\moc_qvector2dpropertyitem.cpp">
      <Filter>Generated Files\Release</Filter>
    </ClCompile>
    <ClCompile Include="qvector3dpropertyitem.cpp">
      <Filter>Source Files</Filter>
    </ClCompile>
    <ClCompile Include="GeneratedFiles\Debug\moc_qvector3dpropertyitem.cpp">
      <Filter>Generated Files\Debug</Filter>
    </ClCompile>
    <ClCompile Include="GeneratedFiles\Release\moc_qvector3dpropertyitem.cpp">
      <Filter>Generated Files\Release</Filter>
    </ClCompile>
    <ClCompile Include="qvector4dpropertyitem.cpp">
      <Filter>Source Files</Filter>
    </ClCompile>
    <ClCompile Include="GeneratedFiles\Debug\moc_qvector4dpropertyitem.cpp">
      <Filter>Generated Files\Debug</Filter>
    </ClCompile>
    <ClCompile Include="GeneratedFiles\Release\moc_qvector4dpropertyitem.cpp">
      <Filter>Generated Files\Release</Filter>
    </ClCompile>
    <ClCompile Include="GeneratedFiles\Debug\moc_qchildimagepropertyitem.cpp">
      <Filter>Generated Files\Debug</Filter>
    </ClCompile>
    <ClCompile Include="GeneratedFiles\Release\moc_qchildimagepropertyitem.cpp">
      <Filter>Generated Files\Release</Filter>
    </ClCompile>
    <ClCompile Include="qchildimagepropertyitem.cpp">
      <Filter>Source Files\QVariantChildPropertyItems</Filter>
    </ClCompile>
  </ItemGroup>
  <ItemGroup>
    <ClInclude Include="stdafx.h">
      <Filter>Header Files</Filter>
    </ClInclude>
    <ClInclude Include="qpropertymodel.h">
      <Filter>Header Files</Filter>
    </ClInclude>
    <ClInclude Include="qpropertymodel_global.h">
      <Filter>Header Files</Filter>
    </ClInclude>
    <ClInclude Include="resource.h">
      <Filter>Header Files</Filter>
    </ClInclude>
  </ItemGroup>
  <ItemGroup>
    <CustomBuild Include="qobjectclasspropertyitem.h">
      <Filter>Header Files</Filter>
    </CustomBuild>
    <CustomBuild Include="qobjectpropertyitem.h">
      <Filter>Header Files</Filter>
    </CustomBuild>
    <CustomBuild Include="qpropertyitem.h">
      <Filter>Header Files</Filter>
    </CustomBuild>
    <CustomBuild Include="qvariantpropertyitem.h">
      <Filter>Header Files</Filter>
    </CustomBuild>
    <CustomBuild Include="qbasepropertyitemeditor.h">
      <Filter>Header Files\Editors</Filter>
    </CustomBuild>
    <CustomBuild Include="..\QPropertyModelTesting\qpropertymodel.qrc">
      <Filter>Resource Files</Filter>
    </CustomBuild>
    <CustomBuild Include="qpopuppropertyitemeditor.h">
      <Filter>Header Files\Editors</Filter>
    </CustomBuild>
    <CustomBuild Include="qboolpropertyitem.h">
      <Filter>Header Files</Filter>
    </CustomBuild>
    <CustomBuild Include="qpropertyitemdelegate.h">
      <Filter>Header Files\Editors</Filter>
    </CustomBuild>
    <CustomBuild Include="qcolorpropertyitemeditor.h">
      <Filter>Header Files\Editors</Filter>
    </CustomBuild>
    <CustomBuild Include="qfontpropertyitemeditor.h">
      <Filter>Header Files\Editors</Filter>
    </CustomBuild>
    <CustomBuild Include="qfontpropertyitem.h">
      <Filter>Header Files</Filter>
    </CustomBuild>
    <CustomBuild Include="qfontfamilypropertyitem.h">
      <Filter>Header Files</Filter>
    </CustomBuild>
    <CustomBuild Include="qchildboolpropertyitem.h">
      <Filter>Header Files\QVariantChildPropertyItems</Filter>
    </CustomBuild>
    <CustomBuild Include="qenumpropertyitem.h">
      <Filter>Header Files</Filter>
    </CustomBuild>
    <CustomBuild Include="qchildenumpropertyitem.h">
      <Filter>Header Files\QVariantChildPropertyItems</Filter>
    </CustomBuild>
    <CustomBuild Include="qselectfromlistpropertyitemeditor.h">
      <Filter>Header Files\Editors</Filter>
    </CustomBuild>
    <CustomBuild Include="qflagspropertyitem.h">
      <Filter>Header Files</Filter>
    </CustomBuild>
    <CustomBuild Include="qimagepropertyitemeditor.h">
      <Filter>Header Files\Editors</Filter>
    </CustomBuild>
    <CustomBuild Include="qimagepropertyitem.h">
      <Filter>Header Files</Filter>
    </CustomBuild>
    <CustomBuild Include="qiconpropertyitem.h">
      <Filter>Header Files</Filter>
    </CustomBuild>
    <CustomBuild Include="qchildiconpropertyitem.h">
      <Filter>Header Files\QVariantChildPropertyItems</Filter>
    </CustomBuild>
    <CustomBuild Include="qsizepropertyitem.h">
      <Filter>Header Files</Filter>
    </CustomBuild>
    <CustomBuild Include="qsizefpropertyitem.h">
      <Filter>Header Files</Filter>
    </CustomBuild>
    <CustomBuild Include="qrectpropertyitem.h">
      <Filter>Header Files</Filter>
    </CustomBuild>
    <CustomBuild Include="qrectfpropertyitem.h">
      <Filter>Header Files</Filter>
    </CustomBuild>
    <CustomBuild Include="qpointpropertyitem.h">
      <Filter>Header Files</Filter>
    </CustomBuild>
    <CustomBuild Include="qpointfpropertyitem.h">
      <Filter>Header Files</Filter>
    </CustomBuild>
    <CustomBuild Include="qchildpointpropertyitem.h">
      <Filter>Header Files\QVariantChildPropertyItems</Filter>
    </CustomBuild>
    <CustomBuild Include="qchildpointfpropertyitem.h">
      <Filter>Header Files\QVariantChildPropertyItems</Filter>
    </CustomBuild>
    <CustomBuild Include="qlinepropertyitem.h">
      <Filter>Header Files</Filter>
    </CustomBuild>
    <CustomBuild Include="qlinefpropertyitem.h">
      <Filter>Header Files</Filter>
    </CustomBuild>
    <CustomBuild Include="qpenpropertyitem.h">
      <Filter>Header Files</Filter>
    </CustomBuild>
    <CustomBuild Include="qbrushpropertyitem.h">
      <Filter>Header Files</Filter>
    </CustomBuild>
    <CustomBuild Include="qchildbrushpropertyitem.h">
      <Filter>Header Files\QVariantChildPropertyItems</Filter>
    </CustomBuild>
    <CustomBuild Include="qcustomdoublespinbox.h">
      <Filter>Header Files\Editors</Filter>
    </CustomBuild>
    <CustomBuild Include="qvector2dpropertyitem.h">
      <Filter>Header Files</Filter>
    </CustomBuild>
    <CustomBuild Include="qvector3dpropertyitem.h">
      <Filter>Header Files</Filter>
    </CustomBuild>
    <CustomBuild Include="qvector4dpropertyitem.h">
      <Filter>Header Files</Filter>
    </CustomBuild>
    <CustomBuild Include="qchildimagepropertyitem.h">
      <Filter>Header Files\QVariantChildPropertyItems</Filter>
    </CustomBuild>
  </ItemGroup>
  <ItemGroup>
    <ResourceCompile Include="QPropertyModel.rc" />
  </ItemGroup>
  <ItemGroup>
    <Image Include="Images\reset.png">
      <Filter>Images</Filter>
    </Image>
  </ItemGroup>
</Project>