<?xml version="1.0" encoding="utf-8"?>
<Project ToolsVersion="4.0" xmlns="http://schemas.microsoft.com/developer/msbuild/2003">
  <ItemGroup>
    <Filter Include="Form Files">
      <UniqueIdentifier>{99349809-55BA-4b9d-BF79-8FDBB0286EB3}</UniqueIdentifier>
      <Extensions>ui</Extensions>
      <ParseFiles>false</ParseFiles>
    </Filter>
    <Filter Include="Form Files">
      <UniqueIdentifier>{99349809-55BA-4b9d-BF79-8FDBB0286EB3}</UniqueIdentifier>
      <Extensions>ui</Extensions>
      <ParseFiles>false</ParseFiles>
    </Filter>
    <Filter Include="Generated Files">
      <UniqueIdentifier>{71ED8ED8-ACB9-4CE9-BBE1-E00B30144E11}</UniqueIdentifier>
      <Extensions>cpp;c;cxx;moc;h;def;odl;idl;res;</Extensions>
    </Filter>
    <Filter Include="Generated Files">
      <UniqueIdentifier>{71ED8ED8-ACB9-4CE9-BBE1-E00B30144E11}</UniqueIdentifier>
      <Extensions>cpp;c;cxx;moc;h;def;odl;idl;res;</Extensions>
    </Filter>
    <Filter Include="Header Files">
      <UniqueIdentifier>{93995380-89BD-4b04-88EB-625FBE52EBFB}</UniqueIdentifier>
      <Extensions>h;hpp;hxx;hm;inl;inc;xsd</Extensions>
    </Filter>
    <Filter Include="Header Files">
      <UniqueIdentifier>{93995380-89BD-4b04-88EB-625FBE52EBFB}</UniqueIdentifier>
      <Extensions>h;hpp;hxx;hm;inl;inc;xsd</Extensions>
    </Filter>
    <Filter Include="Resource Files">
      <UniqueIdentifier>{D9D6E242-F8AF-46E4-B9FD-80ECBC20BA3E}</UniqueIdentifier>
      <Extensions>qrc;*</Extensions>
      <ParseFiles>false</ParseFiles>
    </Filter>
    <Filter Include="Resource Files">
      <UniqueIdentifier>{D9D6E242-F8AF-46E4-B9FD-80ECBC20BA3E}</UniqueIdentifier>
      <Extensions>qrc;*</Extensions>
      <ParseFiles>false</ParseFiles>
    </Filter>
    <Filter Include="Source Files">
      <UniqueIdentifier>{4FC737F1-C7A5-4376-A066-2A32D752A2FF}</UniqueIdentifier>
      <Extensions>cpp;c;cxx;def;odl;idl;hpj;bat;asm;asmx</Extensions>
    </Filter>
    <Filter Include="Source Files">
      <UniqueIdentifier>{4FC737F1-C7A5-4376-A066-2A32D752A2FF}</UniqueIdentifier>
      <Extensions>cpp;c;cxx;def;odl;idl;hpj;bat;asm;asmx</Extensions>
    </Filter>
    <Filter Include="Generated Files\Debug">
      <UniqueIdentifier>{24f573b2-eb62-4834-a433-6701c4861a27}</UniqueIdentifier>
      <Extensions>cpp;moc</Extensions>
      <SourceControlFiles>False</SourceControlFiles>
    </Filter>
    <Filter Include="Generated Files\Release">
      <UniqueIdentifier>{ca17ce13-84d7-4e52-ac51-c8379b6849e0}</UniqueIdentifier>
      <Extensions>cpp;moc</Extensions>
      <SourceControlFiles>False</SourceControlFiles>
    </Filter>
  </ItemGroup>
  <ItemGroup>
    <ClCompile Include="src\qbasepropertyitemeditor.cpp">
      <Filter>Source Files</Filter>
    </ClCompile>
    <ClCompile Include="src\qboolpropertyitem.cpp">
      <Filter>Source Files</Filter>
    </ClCompile>
    <ClCompile Include="src\qbrushpropertyitem.cpp">
      <Filter>Source Files</Filter>
    </ClCompile>
    <ClCompile Include="src\qchildboolpropertyitem.cpp">
      <Filter>Source Files</Filter>
    </ClCompile>
    <ClCompile Include="src\qchildbrushpropertyitem.cpp">
      <Filter>Source Files</Filter>
    </ClCompile>
    <ClCompile Include="src\qchildenumpropertyitem.cpp">
      <Filter>Source Files</Filter>
    </ClCompile>
    <ClCompile Include="src\qchildiconpropertyitem.cpp">
      <Filter>Source Files</Filter>
    </ClCompile>
    <ClCompile Include="src\qchildimagepropertyitem.cpp">
      <Filter>Source Files</Filter>
    </ClCompile>
    <ClCompile Include="src\qchildpointfpropertyitem.cpp">
      <Filter>Source Files</Filter>
    </ClCompile>
    <ClCompile Include="src\qchildpointpropertyitem.cpp">
      <Filter>Source Files</Filter>
    </ClCompile>
    <ClCompile Include="src\qcolorpropertyitemeditor.cpp">
      <Filter>Source Files</Filter>
    </ClCompile>
    <ClCompile Include="src\qcustomeditors.cpp">
      <Filter>Source Files</Filter>
    </ClCompile>
    <ClCompile Include="src\qenumpropertyitem.cpp">
      <Filter>Source Files</Filter>
    </ClCompile>
    <ClCompile Include="src\qflagspropertyitem.cpp">
      <Filter>Source Files</Filter>
    </ClCompile>
    <ClCompile Include="src\qfontfamilypropertyitem.cpp">
      <Filter>Source Files</Filter>
    </ClCompile>
    <ClCompile Include="src\qfontpropertyitem.cpp">
      <Filter>Source Files</Filter>
    </ClCompile>
    <ClCompile Include="src\qfontpropertyitemeditor.cpp">
      <Filter>Source Files</Filter>
    </ClCompile>
    <ClCompile Include="src\qiconpropertyitem.cpp">
      <Filter>Source Files</Filter>
    </ClCompile>
    <ClCompile Include="src\qimagepropertyitem.cpp">
      <Filter>Source Files</Filter>
    </ClCompile>
    <ClCompile Include="src\qimagepropertyitemeditor.cpp">
      <Filter>Source Files</Filter>
    </ClCompile>
    <ClCompile Include="src\qlinefpropertyitem.cpp">
      <Filter>Source Files</Filter>
    </ClCompile>
    <ClCompile Include="src\qlinepropertyitem.cpp">
      <Filter>Source Files</Filter>
    </ClCompile>
    <ClCompile Include="src\qobjectclasspropertyitem.cpp">
      <Filter>Source Files</Filter>
    </ClCompile>
    <ClCompile Include="src\qobjectlistpropertyitem.cpp">
      <Filter>Source Files</Filter>
    </ClCompile>
    <ClCompile Include="src\qobjectlistpropertyitemeditor.cpp">
      <Filter>Source Files</Filter>
    </ClCompile>
    <ClCompile Include="src\qobjectpropertyitem.cpp">
      <Filter>Source Files</Filter>
    </ClCompile>
    <ClCompile Include="src\qpenpropertyitem.cpp">
      <Filter>Source Files</Filter>
    </ClCompile>
    <ClCompile Include="src\qpointfpropertyitem.cpp">
      <Filter>Source Files</Filter>
    </ClCompile>
    <ClCompile Include="src\qpointpropertyitem.cpp">
      <Filter>Source Files</Filter>
    </ClCompile>
    <ClCompile Include="src\qpopuppropertyitemeditor.cpp">
      <Filter>Source Files</Filter>
    </ClCompile>
    <ClCompile Include="src\qpropertyitem.cpp">
      <Filter>Source Files</Filter>
    </ClCompile>
    <ClCompile Include="src\qpropertyitemdelegate.cpp">
      <Filter>Source Files</Filter>
    </ClCompile>
    <ClCompile Include="src\qpropertymodel.cpp">
      <Filter>Source Files</Filter>
    </ClCompile>
    <ClCompile Include="src\qrectfpropertyitem.cpp">
      <Filter>Source Files</Filter>
    </ClCompile>
    <ClCompile Include="src\qrectpropertyitem.cpp">
      <Filter>Source Files</Filter>
    </ClCompile>
    <ClCompile Include="src\qselectfromlistpropertyitemeditor.cpp">
      <Filter>Source Files</Filter>
    </ClCompile>
    <ClCompile Include="src\qsizefpropertyitem.cpp">
      <Filter>Source Files</Filter>
    </ClCompile>
    <ClCompile Include="src\qsizepropertyitem.cpp">
      <Filter>Source Files</Filter>
    </ClCompile>
    <ClCompile Include="src\qstringlistpropertyitem.cpp">
      <Filter>Source Files</Filter>
    </ClCompile>
    <ClCompile Include="src\qstringlistpropertyitemeditor.cpp">
      <Filter>Source Files</Filter>
    </ClCompile>
    <ClCompile Include="src\qvariantholderhelper.cpp">
      <Filter>Source Files</Filter>
    </ClCompile>
    <ClCompile Include="src\qvariantlistpropertyItem.cpp">
      <Filter>Source Files</Filter>
    </ClCompile>
    <ClCompile Include="src\qvariantlistpropertyitemeditor.cpp">
      <Filter>Source Files</Filter>
    </ClCompile>
    <ClCompile Include="src\qvariantpropertyitem.cpp">
      <Filter>Source Files</Filter>
    </ClCompile>
    <ClCompile Include="src\qvector2dpropertyitem.cpp">
      <Filter>Source Files</Filter>
    </ClCompile>
    <ClCompile Include="src\qvector3dpropertyitem.cpp">
      <Filter>Source Files</Filter>
    </ClCompile>
    <ClCompile Include="src\qvector4dpropertyitem.cpp">
      <Filter>Source Files</Filter>
    </ClCompile>
    <ClCompile Include="src\stdafx.cpp">
      <Filter>Source Files</Filter>
    </ClCompile>
    <ClCompile Include="build\Debug\.moc\moc_qboolpropertyitem.cpp">
      <Filter>Generated Files\Debug</Filter>
    </ClCompile>
    <ClCompile Include="build\Release\.moc\moc_qboolpropertyitem.cpp">
      <Filter>Generated Files\Release</Filter>
    </ClCompile>
    <ClCompile Include="build\Debug\.moc\moc_qbrushpropertyitem.cpp">
      <Filter>Generated Files\Debug</Filter>
    </ClCompile>
    <ClCompile Include="build\Release\.moc\moc_qbrushpropertyitem.cpp">
      <Filter>Generated Files\Release</Filter>
    </ClCompile>
    <ClCompile Include="build\Debug\.moc\moc_qchildpropertyitems.cpp">
      <Filter>Generated Files\Debug</Filter>
    </ClCompile>
    <ClCompile Include="build\Release\.moc\moc_qchildpropertyitems.cpp">
      <Filter>Generated Files\Release</Filter>
    </ClCompile>
    <ClCompile Include="build\Debug\.moc\moc_qcustomeditors.cpp">
      <Filter>Generated Files\Debug</Filter>
    </ClCompile>
    <ClCompile Include="build\Release\.moc\moc_qcustomeditors.cpp">
      <Filter>Generated Files\Release</Filter>
    </ClCompile>
    <ClCompile Include="build\Debug\.moc\moc_qenumpropertyitem.cpp">
      <Filter>Generated Files\Debug</Filter>
    </ClCompile>
    <ClCompile Include="build\Release\.moc\moc_qenumpropertyitem.cpp">
      <Filter>Generated Files\Release</Filter>
    </ClCompile>
    <ClCompile Include="build\Debug\.moc\moc_qflagspropertyitem.cpp">
      <Filter>Generated Files\Debug</Filter>
    </ClCompile>
    <ClCompile Include="build\Release\.moc\moc_qflagspropertyitem.cpp">
      <Filter>Generated Files\Release</Filter>
    </ClCompile>
    <ClCompile Include="build\Debug\.moc\moc_qfontfamilypropertyitem.cpp">
      <Filter>Generated Files\Debug</Filter>
    </ClCompile>
    <ClCompile Include="build\Release\.moc\moc_qfontfamilypropertyitem.cpp">
      <Filter>Generated Files\Release</Filter>
    </ClCompile>
    <ClCompile Include="build\Debug\.moc\moc_qfontpropertyitem.cpp">
      <Filter>Generated Files\Debug</Filter>
    </ClCompile>
    <ClCompile Include="build\Release\.moc\moc_qfontpropertyitem.cpp">
      <Filter>Generated Files\Release</Filter>
    </ClCompile>
    <ClCompile Include="build\Debug\.moc\moc_qiconpropertyitem.cpp">
      <Filter>Generated Files\Debug</Filter>
    </ClCompile>
    <ClCompile Include="build\Release\.moc\moc_qiconpropertyitem.cpp">
      <Filter>Generated Files\Release</Filter>
    </ClCompile>
    <ClCompile Include="build\Debug\.moc\moc_qimagepropertyitem.cpp">
      <Filter>Generated Files\Debug</Filter>
    </ClCompile>
    <ClCompile Include="build\Release\.moc\moc_qimagepropertyitem.cpp">
      <Filter>Generated Files\Release</Filter>
    </ClCompile>
    <ClCompile Include="build\Debug\.moc\moc_qlinefpropertyitem.cpp">
      <Filter>Generated Files\Debug</Filter>
    </ClCompile>
    <ClCompile Include="build\Release\.moc\moc_qlinefpropertyitem.cpp">
      <Filter>Generated Files\Release</Filter>
    </ClCompile>
    <ClCompile Include="build\Debug\.moc\moc_qlinepropertyitem.cpp">
      <Filter>Generated Files\Debug</Filter>
    </ClCompile>
    <ClCompile Include="build\Release\.moc\moc_qlinepropertyitem.cpp">
      <Filter>Generated Files\Release</Filter>
    </ClCompile>
    <ClCompile Include="build\Debug\.moc\moc_qobjectclasspropertyitem.cpp">
      <Filter>Generated Files\Debug</Filter>
    </ClCompile>
    <ClCompile Include="build\Release\.moc\moc_qobjectclasspropertyitem.cpp">
      <Filter>Generated Files\Release</Filter>
    </ClCompile>
    <ClCompile Include="build\Debug\.moc\moc_qobjectlistpropertyitem.cpp">
      <Filter>Generated Files\Debug</Filter>
    </ClCompile>
    <ClCompile Include="build\Release\.moc\moc_qobjectlistpropertyitem.cpp">
      <Filter>Generated Files\Release</Filter>
    </ClCompile>
    <ClCompile Include="build\Debug\.moc\moc_qobjectpropertyitem.cpp">
      <Filter>Generated Files\Debug</Filter>
    </ClCompile>
    <ClCompile Include="build\Release\.moc\moc_qobjectpropertyitem.cpp">
      <Filter>Generated Files\Release</Filter>
    </ClCompile>
    <ClCompile Include="build\Debug\.moc\moc_qpenpropertyitem.cpp">
      <Filter>Generated Files\Debug</Filter>
    </ClCompile>
    <ClCompile Include="build\Release\.moc\moc_qpenpropertyitem.cpp">
      <Filter>Generated Files\Release</Filter>
    </ClCompile>
    <ClCompile Include="build\Debug\.moc\moc_qpointfpropertyitem.cpp">
      <Filter>Generated Files\Debug</Filter>
    </ClCompile>
    <ClCompile Include="build\Release\.moc\moc_qpointfpropertyitem.cpp">
      <Filter>Generated Files\Release</Filter>
    </ClCompile>
    <ClCompile Include="build\Debug\.moc\moc_qpointpropertyitem.cpp">
      <Filter>Generated Files\Debug</Filter>
    </ClCompile>
    <ClCompile Include="build\Release\.moc\moc_qpointpropertyitem.cpp">
      <Filter>Generated Files\Release</Filter>
    </ClCompile>
    <ClCompile Include="build\Debug\.moc\moc_qpropertyitem.cpp">
      <Filter>Generated Files\Debug</Filter>
    </ClCompile>
    <ClCompile Include="build\Release\.moc\moc_qpropertyitem.cpp">
      <Filter>Generated Files\Release</Filter>
    </ClCompile>
    <ClCompile Include="build\Debug\.moc\moc_qpropertyitemdelegate.cpp">
      <Filter>Generated Files\Debug</Filter>
    </ClCompile>
    <ClCompile Include="build\Release\.moc\moc_qpropertyitemdelegate.cpp">
      <Filter>Generated Files\Release</Filter>
    </ClCompile>
    <ClCompile Include="build\Debug\.moc\moc_qrectfpropertyitem.cpp">
      <Filter>Generated Files\Debug</Filter>
    </ClCompile>
    <ClCompile Include="build\Release\.moc\moc_qrectfpropertyitem.cpp">
      <Filter>Generated Files\Release</Filter>
    </ClCompile>
    <ClCompile Include="build\Debug\.moc\moc_qrectpropertyitem.cpp">
      <Filter>Generated Files\Debug</Filter>
    </ClCompile>
    <ClCompile Include="build\Release\.moc\moc_qrectpropertyitem.cpp">
      <Filter>Generated Files\Release</Filter>
    </ClCompile>
    <ClCompile Include="build\Debug\.moc\moc_qsizefpropertyitem.cpp">
      <Filter>Generated Files\Debug</Filter>
    </ClCompile>
    <ClCompile Include="build\Release\.moc\moc_qsizefpropertyitem.cpp">
      <Filter>Generated Files\Release</Filter>
    </ClCompile>
    <ClCompile Include="build\Debug\.moc\moc_qsizepropertyitem.cpp">
      <Filter>Generated Files\Debug</Filter>
    </ClCompile>
    <ClCompile Include="build\Release\.moc\moc_qsizepropertyitem.cpp">
      <Filter>Generated Files\Release</Filter>
    </ClCompile>
    <ClCompile Include="build\Debug\.moc\moc_qstringlistpropertyitem.cpp">
      <Filter>Generated Files\Debug</Filter>
    </ClCompile>
    <ClCompile Include="build\Release\.moc\moc_qstringlistpropertyitem.cpp">
      <Filter>Generated Files\Release</Filter>
    </ClCompile>
    <ClCompile Include="build\Debug\.moc\moc_qvariantholderhelper.cpp">
      <Filter>Generated Files\Debug</Filter>
    </ClCompile>
    <ClCompile Include="build\Release\.moc\moc_qvariantholderhelper.cpp">
      <Filter>Generated Files\Release</Filter>
    </ClCompile>
    <ClCompile Include="build\Debug\.moc\moc_qvariantlistpropertyitem.cpp">
      <Filter>Generated Files\Debug</Filter>
    </ClCompile>
    <ClCompile Include="build\Release\.moc\moc_qvariantlistpropertyitem.cpp">
      <Filter>Generated Files\Release</Filter>
    </ClCompile>
    <ClCompile Include="build\Debug\.moc\moc_qvariantpropertyItem.cpp">
      <Filter>Generated Files\Debug</Filter>
    </ClCompile>
    <ClCompile Include="build\Release\.moc\moc_qvariantpropertyItem.cpp">
      <Filter>Generated Files\Release</Filter>
    </ClCompile>
    <ClCompile Include="build\Debug\.moc\moc_qvector2dpropertyitem.cpp">
      <Filter>Generated Files\Debug</Filter>
    </ClCompile>
    <ClCompile Include="build\Release\.moc\moc_qvector2dpropertyitem.cpp">
      <Filter>Generated Files\Release</Filter>
    </ClCompile>
    <ClCompile Include="build\Debug\.moc\moc_qvector3dpropertyitem.cpp">
      <Filter>Generated Files\Debug</Filter>
    </ClCompile>
    <ClCompile Include="build\Release\.moc\moc_qvector3dpropertyitem.cpp">
      <Filter>Generated Files\Release</Filter>
    </ClCompile>
    <ClCompile Include="build\Debug\.moc\moc_qvector4dpropertyitem.cpp">
      <Filter>Generated Files\Debug</Filter>
    </ClCompile>
    <ClCompile Include="build\Release\.moc\moc_qvector4dpropertyitem.cpp">
      <Filter>Generated Files\Release</Filter>
    </ClCompile>
    <ClCompile Include="build\$(ConfigurationName)\.qrc\qrc_qpropertymodel.cpp">
      <Filter>Generated Files</Filter>
    </ClCompile>
  </ItemGroup>
  <ItemGroup>
    <CustomBuild Include="include\qboolpropertyitem.h">
      <Filter>Header Files</Filter>
    </CustomBuild>
    <CustomBuild Include="include\qbrushpropertyitem.h">
      <Filter>Header Files</Filter>
    </CustomBuild>
    <CustomBuild Include="include\qchildpropertyitems.h">
      <Filter>Header Files</Filter>
    </CustomBuild>
    <CustomBuild Include="include\qcustomeditors.h">
      <Filter>Header Files</Filter>
    </CustomBuild>
    <CustomBuild Include="include\qenumpropertyitem.h">
      <Filter>Header Files</Filter>
    </CustomBuild>
    <CustomBuild Include="include\qflagspropertyitem.h">
      <Filter>Header Files</Filter>
    </CustomBuild>
    <CustomBuild Include="include\qfontfamilypropertyitem.h">
      <Filter>Header Files</Filter>
    </CustomBuild>
    <CustomBuild Include="include\qfontpropertyitem.h">
      <Filter>Header Files</Filter>
    </CustomBuild>
    <CustomBuild Include="include\qiconpropertyitem.h">
      <Filter>Header Files</Filter>
    </CustomBuild>
    <CustomBuild Include="include\qimagepropertyitem.h">
      <Filter>Header Files</Filter>
    </CustomBuild>
    <CustomBuild Include="include\qlinefpropertyitem.h">
      <Filter>Header Files</Filter>
    </CustomBuild>
    <CustomBuild Include="include\qlinepropertyitem.h">
      <Filter>Header Files</Filter>
    </CustomBuild>
    <CustomBuild Include="include\qobjectclasspropertyitem.h">
      <Filter>Header Files</Filter>
    </CustomBuild>
    <CustomBuild Include="include\qobjectlistpropertyitem.h">
      <Filter>Header Files</Filter>
    </CustomBuild>
    <CustomBuild Include="include\qobjectpropertyitem.h">
      <Filter>Header Files</Filter>
    </CustomBuild>
    <CustomBuild Include="include\qpenpropertyitem.h">
      <Filter>Header Files</Filter>
    </CustomBuild>
    <CustomBuild Include="include\qpointfpropertyitem.h">
      <Filter>Header Files</Filter>
    </CustomBuild>
    <CustomBuild Include="include\qpointpropertyitem.h">
      <Filter>Header Files</Filter>
    </CustomBuild>
    <CustomBuild Include="include\qpropertyitem.h">
      <Filter>Header Files</Filter>
    </CustomBuild>
    <CustomBuild Include="include\qpropertyitemdelegate.h">
      <Filter>Header Files</Filter>
    </CustomBuild>
    <ClInclude Include="include\qpropertymodel.h">
      <Filter>Header Files</Filter>
    </ClInclude>
    <ClInclude Include="include\qpropertymodel_global.h">
      <Filter>Header Files</Filter>
    </ClInclude>
    <CustomBuild Include="include\qrectfpropertyitem.h">
      <Filter>Header Files</Filter>
    </CustomBuild>
    <CustomBuild Include="include\qrectpropertyitem.h">
      <Filter>Header Files</Filter>
    </CustomBuild>
    <CustomBuild Include="include\qsizefpropertyitem.h">
      <Filter>Header Files</Filter>
    </CustomBuild>
    <CustomBuild Include="include\qsizepropertyitem.h">
      <Filter>Header Files</Filter>
    </CustomBuild>
    <CustomBuild Include="include\qstringlistpropertyitem.h">
      <Filter>Header Files</Filter>
    </CustomBuild>
    <CustomBuild Include="include\qvariantholderhelper.h">
      <Filter>Header Files</Filter>
    </CustomBuild>
    <CustomBuild Include="include\qvariantlistpropertyitem.h">
      <Filter>Header Files</Filter>
    </CustomBuild>
    <CustomBuild Include="include\qvariantpropertyItem.h">
      <Filter>Header Files</Filter>
    </CustomBuild>
    <CustomBuild Include="include\qvector2dpropertyitem.h">
      <Filter>Header Files</Filter>
    </CustomBuild>
    <CustomBuild Include="include\qvector3dpropertyitem.h">
      <Filter>Header Files</Filter>
    </CustomBuild>
    <CustomBuild Include="include\qvector4dpropertyitem.h">
      <Filter>Header Files</Filter>
    </CustomBuild>
    <ClInclude Include="include\resource.h">
      <Filter>Header Files</Filter>
    </ClInclude>
    <CustomBuild Include="include\stdafx.h">
      <Filter>Header Files</Filter>
    </CustomBuild>
  </ItemGroup>
  <ItemGroup>
    <ClCompile Include="include\stdafx.h.cpp">
      <Filter>Generated Files</Filter>
    </ClCompile>
  </ItemGroup>
  <ItemGroup>
    <CustomBuild Include="forms\qcustomobjectlistpropertyitemeditor.ui">
      <Filter>Form Files</Filter>
    </CustomBuild>
    <CustomBuild Include="forms\qstringlistpropertyitemeditor.ui">
      <Filter>Form Files</Filter>
    </CustomBuild>
  </ItemGroup>
  <ItemGroup>
    <CustomBuild Include="resources\qpropertymodel.qrc">
      <Filter>Resource Files</Filter>
    </CustomBuild>
    <None Include="resources\Images\reset.png">
      <Filter>Resource Files</Filter>
    </None>
  </ItemGroup>
  <ItemGroup>
    <ResourceCompile Include="resources\QPropertyModel.rc" />
  </ItemGroup>
  <ItemGroup>
    <ClInclude Include="build\$(ConfigurationName)\.ui\ui_qcustomobjectlistpropertyitemeditor.h">
      <Filter>Generated Files</Filter>
    </ClInclude>
    <ClInclude Include="build\$(ConfigurationName)\.ui\ui_qstringlistpropertyitemeditor.h">
      <Filter>Generated Files</Filter>
    </ClInclude>
  </ItemGroup>
</Project>