<?xml version="1.0" encoding="utf-8"?>
<Project ToolsVersion="4.0" xmlns="http://schemas.microsoft.com/developer/msbuild/2003">
  <ItemGroup>
    <Filter Include="Source Files">
      <UniqueIdentifier>{4FC737F1-C7A5-4376-A066-2A32D752A2FF}</UniqueIdentifier>
      <Extensions>cpp;cxx;c;def</Extensions>
    </Filter>
    <Filter Include="Header Files">
      <UniqueIdentifier>{93995380-89BD-4b04-88EB-625FBE52EBFB}</UniqueIdentifier>
      <Extensions>h</Extensions>
    </Filter>
    <Filter Include="Form Files">
      <UniqueIdentifier>{99349809-55BA-4b9d-BF79-8FDBB0286EB3}</UniqueIdentifier>
      <Extensions>ui</Extensions>
    </Filter>
    <Filter Include="Resource Files">
      <UniqueIdentifier>{D9D6E242-F8AF-46E4-B9FD-80ECBC20BA3E}</UniqueIdentifier>
      <Extensions>qrc;*</Extensions>
      <ParseFiles>false</ParseFiles>
    </Filter>
    <Filter Include="Generated Files">
      <UniqueIdentifier>{71ED8ED8-ACB9-4CE9-BBE1-E00B30144E11}</UniqueIdentifier>
      <Extensions>moc;h;cpp</Extensions>
      <SourceControlFiles>False</SourceControlFiles>
    </Filter>
    <Filter Include="Generated Files\Debug">
      <UniqueIdentifier>{695a3b2a-0728-4b59-8eaa-8480774c434c}</UniqueIdentifier>
      <Extensions>cpp;moc</Extensions>
      <SourceControlFiles>False</SourceControlFiles>
    </Filter>
    <Filter Include="Generated Files\Release">
      <UniqueIdentifier>{ac98b706-880c-4936-a986-5a13b4478ac5}</UniqueIdentifier>
      <Extensions>cpp;moc</Extensions>
      <SourceControlFiles>False</SourceControlFiles>
    </Filter>
    <Filter Include="Header Files\TestObjects">
      <UniqueIdentifier>{f48e496b-c898-45e6-a988-23bb5f364db3}</UniqueIdentifier>
    </Filter>
    <Filter Include="Source Files\TestObjects">
      <UniqueIdentifier>{5de4442e-e667-4860-8c7f-a3d3efd67e2b}</UniqueIdentifier>
    </Filter>
    <Filter Include="Header Files\QVariantProperties">
      <UniqueIdentifier>{d176961a-ef9e-441e-bedc-8012715099e4}</UniqueIdentifier>
    </Filter>
    <Filter Include="Source Files\QVariantProperties">
      <UniqueIdentifier>{3528f450-9845-4d5b-9136-6082fea12d9e}</UniqueIdentifier>
    </Filter>
    <Filter Include="Header Files\Editors">
      <UniqueIdentifier>{cf0bfd5a-1d39-43d5-a61f-5db10fb58ea9}</UniqueIdentifier>
    </Filter>
    <Filter Include="Source Files\Editors">
      <UniqueIdentifier>{4b688911-84b2-49b4-98e9-21d6d09ace3f}</UniqueIdentifier>
    </Filter>
    <Filter Include="Header Files\QDerivedVariantProperties">
      <UniqueIdentifier>{ccd5829b-38fc-4d79-bfe5-7a6ee330c72b}</UniqueIdentifier>
    </Filter>
    <Filter Include="Source Files\QDerivedVariantProperties">
      <UniqueIdentifier>{ab456771-88d4-4fe5-b869-11fc1d2ab93f}</UniqueIdentifier>
    </Filter>
    <Filter Include="Source Files\Editors\Models">
      <UniqueIdentifier>{6e7a9d2a-bced-4d41-92c1-60479e3b6c25}</UniqueIdentifier>
    </Filter>
    <Filter Include="Header Files\Editors\Models">
      <UniqueIdentifier>{489bcf48-54ff-4650-a4c6-5cc72535dbf6}</UniqueIdentifier>
    </Filter>
  </ItemGroup>
  <ItemGroup>
    <ClCompile Include="stdafx.cpp">
      <Filter>Source Files</Filter>
    </ClCompile>
    <ClCompile Include="main.cpp">
      <Filter>Source Files</Filter>
    </ClCompile>
    <ClCompile Include="qtpropertygrid.cpp">
      <Filter>Source Files</Filter>
    </ClCompile>
    <ClCompile Include="GeneratedFiles\Debug\moc_qtpropertygrid.cpp">
      <Filter>Generated Files\Debug</Filter>
    </ClCompile>
    <ClCompile Include="GeneratedFiles\Release\moc_qtpropertygrid.cpp">
      <Filter>Generated Files\Release</Filter>
    </ClCompile>
    <ClCompile Include="GeneratedFiles\qrc_qtpropertygrid.cpp">
      <Filter>Generated Files</Filter>
    </ClCompile>
    <ClCompile Include="GeneratedFiles\Debug\moc_qvariantproperty.cpp">
      <Filter>Generated Files\Debug</Filter>
    </ClCompile>
    <ClCompile Include="GeneratedFiles\Release\moc_qvariantproperty.cpp">
      <Filter>Generated Files\Release</Filter>
    </ClCompile>
    <ClCompile Include="qtpropertymodel.cpp">
      <Filter>Source Files</Filter>
    </ClCompile>
    <ClCompile Include="GeneratedFiles\Debug\moc_qtpropertymodel.cpp">
      <Filter>Generated Files\Debug</Filter>
    </ClCompile>
    <ClCompile Include="GeneratedFiles\Release\moc_qtpropertymodel.cpp">
      <Filter>Generated Files\Release</Filter>
    </ClCompile>
    <ClCompile Include="qvariantqobjectproperty.cpp">
      <Filter>Source Files\QVariantProperties</Filter>
    </ClCompile>
    <ClCompile Include="GeneratedFiles\Debug\moc_qvariantqobjectproperty.cpp">
      <Filter>Generated Files\Debug</Filter>
    </ClCompile>
    <ClCompile Include="GeneratedFiles\Release\moc_qvariantqobjectproperty.cpp">
      <Filter>Generated Files\Release</Filter>
    </ClCompile>
    <ClCompile Include="qvariantobjectsuperclassproperty.cpp">
      <Filter>Source Files\QVariantProperties</Filter>
    </ClCompile>
    <ClCompile Include="GeneratedFiles\Debug\moc_qvariantobjectsuperclassproperty.cpp">
      <Filter>Generated Files\Debug</Filter>
    </ClCompile>
    <ClCompile Include="GeneratedFiles\Release\moc_qvariantobjectsuperclassproperty.cpp">
      <Filter>Generated Files\Release</Filter>
    </ClCompile>
    <ClCompile Include="GeneratedFiles\Debug\moc_qboolvariantproperty.cpp">
      <Filter>Generated Files\Debug</Filter>
    </ClCompile>
    <ClCompile Include="GeneratedFiles\Release\moc_qboolvariantproperty.cpp">
      <Filter>Generated Files\Release</Filter>
    </ClCompile>
    <ClCompile Include="qboolvariantproperty.cpp">
      <Filter>Source Files\QVariantProperties</Filter>
    </ClCompile>
    <ClCompile Include="qvariantproperty.cpp">
      <Filter>Source Files\QVariantProperties</Filter>
    </ClCompile>
    <ClCompile Include="GeneratedFiles\Debug\moc_qvariantpropertydelegate.cpp">
      <Filter>Generated Files\Debug</Filter>
    </ClCompile>
    <ClCompile Include="GeneratedFiles\Release\moc_qvariantpropertydelegate.cpp">
      <Filter>Generated Files\Release</Filter>
    </ClCompile>
    <ClCompile Include="GeneratedFiles\Debug\moc_qvariantpropertybaseeditor.cpp">
      <Filter>Generated Files\Debug</Filter>
    </ClCompile>
    <ClCompile Include="GeneratedFiles\Release\moc_qvariantpropertybaseeditor.cpp">
      <Filter>Generated Files\Release</Filter>
    </ClCompile>
    <ClCompile Include="qvariantpropertybaseeditor.cpp">
      <Filter>Source Files\Editors</Filter>
    </ClCompile>
    <ClCompile Include="GeneratedFiles\Debug\moc_testobject.cpp">
      <Filter>Generated Files\Debug</Filter>
    </ClCompile>
    <ClCompile Include="GeneratedFiles\Release\moc_testobject.cpp">
      <Filter>Generated Files\Release</Filter>
    </ClCompile>
    <ClCompile Include="testobject.cpp">
      <Filter>Source Files\TestObjects</Filter>
    </ClCompile>
    <ClCompile Include="GeneratedFiles\Debug\moc_qfontvariantproperty.cpp">
      <Filter>Generated Files\Debug</Filter>
    </ClCompile>
    <ClCompile Include="GeneratedFiles\Release\moc_qfontvariantproperty.cpp">
      <Filter>Generated Files\Release</Filter>
    </ClCompile>
    <ClCompile Include="qfontvariantproperty.cpp">
      <Filter>Source Files\QVariantProperties</Filter>
    </ClCompile>
    <ClCompile Include="GeneratedFiles\Debug\moc_qabstractvariantpropertypopupeditor.cpp">
      <Filter>Generated Files\Debug</Filter>
    </ClCompile>
    <ClCompile Include="GeneratedFiles\Release\moc_qabstractvariantpropertypopupeditor.cpp">
      <Filter>Generated Files\Release</Filter>
    </ClCompile>
    <ClCompile Include="qabstractvariantpropertypopupeditor.cpp">
      <Filter>Source Files\Editors</Filter>
    </ClCompile>
    <ClCompile Include="GeneratedFiles\Debug\moc_qcolorvariantproperty.cpp">
      <Filter>Generated Files\Debug</Filter>
    </ClCompile>
    <ClCompile Include="GeneratedFiles\Release\moc_qcolorvariantproperty.cpp">
      <Filter>Generated Files\Release</Filter>
    </ClCompile>
    <ClCompile Include="GeneratedFiles\Debug\moc_qcolorpropertyeditor.cpp">
      <Filter>Generated Files\Debug</Filter>
    </ClCompile>
    <ClCompile Include="GeneratedFiles\Release\moc_qcolorpropertyeditor.cpp">
      <Filter>Generated Files\Release</Filter>
    </ClCompile>
    <ClCompile Include="qcolorvariantproperty.cpp">
      <Filter>Source Files\QVariantProperties</Filter>
    </ClCompile>
    <ClCompile Include="qcolorpropertyeditor.cpp">
      <Filter>Source Files\Editors</Filter>
    </ClCompile>
    <ClCompile Include="qvariantpropertydelegate.cpp">
      <Filter>Source Files\Editors</Filter>
    </ClCompile>
    <ClCompile Include="GeneratedFiles\Debug\moc_qfontpropertyeditor.cpp">
      <Filter>Generated Files\Debug</Filter>
    </ClCompile>
    <ClCompile Include="GeneratedFiles\Release\moc_qfontpropertyeditor.cpp">
      <Filter>Generated Files\Release</Filter>
    </ClCompile>
    <ClCompile Include="qfontpropertyeditor.cpp">
      <Filter>Source Files\Editors</Filter>
    </ClCompile>
    <ClCompile Include="GeneratedFiles\Debug\moc_qabstractpropertyeditor.cpp">
      <Filter>Generated Files\Debug</Filter>
    </ClCompile>
    <ClCompile Include="GeneratedFiles\Release\moc_qabstractpropertyeditor.cpp">
      <Filter>Generated Files\Release</Filter>
    </ClCompile>
    <ClCompile Include="qabstractpropertyeditor.cpp">
      <Filter>Source Files\Editors</Filter>
    </ClCompile>
    <ClCompile Include="GeneratedFiles\Debug\moc_qfontfamilyproperty.cpp">
      <Filter>Generated Files\Debug</Filter>
    </ClCompile>
    <ClCompile Include="GeneratedFiles\Release\moc_qfontfamilyproperty.cpp">
      <Filter>Generated Files\Release</Filter>
    </ClCompile>
    <ClCompile Include="qfontfamilyproperty.cpp">
      <Filter>Source Files\QDerivedVariantProperties</Filter>
    </ClCompile>
    <ClCompile Include="GeneratedFiles\Debug\moc_qpropertyfromlisteditor.cpp">
      <Filter>Generated Files\Debug</Filter>
    </ClCompile>
    <ClCompile Include="GeneratedFiles\Release\moc_qpropertyfromlisteditor.cpp">
      <Filter>Generated Files\Release</Filter>
    </ClCompile>
    <ClCompile Include="qpropertyfromlisteditor.cpp">
      <Filter>Source Files\Editors</Filter>
    </ClCompile>
    <ClCompile Include="GeneratedFiles\Debug\moc_qfontfamilypropertyeditor.cpp">
      <Filter>Generated Files\Debug</Filter>
    </ClCompile>
    <ClCompile Include="GeneratedFiles\Release\moc_qfontfamilypropertyeditor.cpp">
      <Filter>Generated Files\Release</Filter>
    </ClCompile>
    <ClCompile Include="qfontfamilypropertyeditor.cpp">
      <Filter>Source Files\Editors</Filter>
    </ClCompile>
    <ClCompile Include="GeneratedFiles\Debug\moc_qsizevariantproperty.cpp">
      <Filter>Generated Files\Debug</Filter>
    </ClCompile>
    <ClCompile Include="GeneratedFiles\Release\moc_qsizevariantproperty.cpp">
      <Filter>Generated Files\Release</Filter>
    </ClCompile>
    <ClCompile Include="qsizevariantproperty.cpp">
      <Filter>Source Files\QVariantProperties</Filter>
    </ClCompile>
    <ClCompile Include="GeneratedFiles\Debug\moc_qsizefvariantproperty.cpp">
      <Filter>Generated Files\Debug</Filter>
    </ClCompile>
    <ClCompile Include="GeneratedFiles\Release\moc_qsizefvariantproperty.cpp">
      <Filter>Generated Files\Release</Filter>
    </ClCompile>
    <ClCompile Include="qsizefvariantproperty.cpp">
      <Filter>Source Files\QVariantProperties</Filter>
    </ClCompile>
    <ClCompile Include="usefulenums.cpp">
      <Filter>Source Files</Filter>
    </ClCompile>
    <ClCompile Include="GeneratedFiles\Debug\moc_usefulenums.cpp">
      <Filter>Generated Files\Debug</Filter>
    </ClCompile>
    <ClCompile Include="GeneratedFiles\Release\moc_usefulenums.cpp">
      <Filter>Generated Files\Release</Filter>
    </ClCompile>
    <ClCompile Include="GeneratedFiles\Debug\moc_qrectvariantproperty.cpp">
      <Filter>Generated Files\Debug</Filter>
    </ClCompile>
    <ClCompile Include="GeneratedFiles\Release\moc_qrectvariantproperty.cpp">
      <Filter>Generated Files\Release</Filter>
    </ClCompile>
    <ClCompile Include="qrectvariantproperty.cpp">
      <Filter>Source Files\QVariantProperties</Filter>
    </ClCompile>
    <ClCompile Include="GeneratedFiles\Debug\moc_qrectfvariantproperty.cpp">
      <Filter>Generated Files\Debug</Filter>
    </ClCompile>
    <ClCompile Include="GeneratedFiles\Release\moc_qrectfvariantproperty.cpp">
      <Filter>Generated Files\Release</Filter>
    </ClCompile>
    <ClCompile Include="qrectfvariantproperty.cpp">
      <Filter>Source Files\QVariantProperties</Filter>
    </ClCompile>
    <ClCompile Include="GeneratedFiles\Debug\moc_qdoublepropertyeditor.cpp">
      <Filter>Generated Files\Debug</Filter>
    </ClCompile>
    <ClCompile Include="GeneratedFiles\Release\moc_qdoublepropertyeditor.cpp">
      <Filter>Generated Files\Release</Filter>
    </ClCompile>
    <ClCompile Include="qdoublepropertyeditor.cpp">
      <Filter>Source Files\Editors</Filter>
    </ClCompile>
    <ClCompile Include="GeneratedFiles\Debug\moc_qpointvariantproperty.cpp">
      <Filter>Generated Files\Debug</Filter>
    </ClCompile>
    <ClCompile Include="GeneratedFiles\Release\moc_qpointvariantproperty.cpp">
      <Filter>Generated Files\Release</Filter>
    </ClCompile>
    <ClCompile Include="qpointvariantproperty.cpp">
      <Filter>Source Files\QVariantProperties</Filter>
    </ClCompile>
    <ClCompile Include="GeneratedFiles\Debug\moc_qpointfvariantproperty.cpp">
      <Filter>Generated Files\Debug</Filter>
    </ClCompile>
    <ClCompile Include="GeneratedFiles\Release\moc_qpointfvariantproperty.cpp">
      <Filter>Generated Files\Release</Filter>
    </ClCompile>
    <ClCompile Include="qpointfvariantproperty.cpp">
      <Filter>Source Files\QVariantProperties</Filter>
    </ClCompile>
    <ClCompile Include="GeneratedFiles\Debug\moc_qlinevariantproperty.cpp">
      <Filter>Generated Files\Debug</Filter>
    </ClCompile>
    <ClCompile Include="GeneratedFiles\Release\moc_qlinevariantproperty.cpp">
      <Filter>Generated Files\Release</Filter>
    </ClCompile>
    <ClCompile Include="qlinevariantproperty.cpp">
      <Filter>Source Files\QVariantProperties</Filter>
    </ClCompile>
    <ClCompile Include="GeneratedFiles\Debug\moc_qlinefvariantproperty.cpp">
      <Filter>Generated Files\Debug</Filter>
    </ClCompile>
    <ClCompile Include="GeneratedFiles\Release\moc_qlinefvariantproperty.cpp">
      <Filter>Generated Files\Release</Filter>
    </ClCompile>
    <ClCompile Include="qlinefvariantproperty.cpp">
      <Filter>Source Files\QVariantProperties</Filter>
    </ClCompile>
    <ClCompile Include="GeneratedFiles\Debug\moc_qvector2dvariantproperty.cpp">
      <Filter>Generated Files\Debug</Filter>
    </ClCompile>
    <ClCompile Include="GeneratedFiles\Release\moc_qvector2dvariantproperty.cpp">
      <Filter>Generated Files\Release</Filter>
    </ClCompile>
    <ClCompile Include="qvector2dvariantproperty.cpp">
      <Filter>Source Files\QVariantProperties</Filter>
    </ClCompile>
    <ClCompile Include="GeneratedFiles\Debug\moc_qvector3dvariantproperty.cpp">
      <Filter>Generated Files\Debug</Filter>
    </ClCompile>
    <ClCompile Include="GeneratedFiles\Release\moc_qvector3dvariantproperty.cpp">
      <Filter>Generated Files\Release</Filter>
    </ClCompile>
    <ClCompile Include="qvector3dvariantproperty.cpp">
      <Filter>Source Files\QVariantProperties</Filter>
    </ClCompile>
    <ClCompile Include="GeneratedFiles\Debug\moc_qvector4dvariantproperty.cpp">
      <Filter>Generated Files\Debug</Filter>
    </ClCompile>
    <ClCompile Include="GeneratedFiles\Release\moc_qvector4dvariantproperty.cpp">
      <Filter>Generated Files\Release</Filter>
    </ClCompile>
    <ClCompile Include="qvector4dvariantproperty.cpp">
      <Filter>Source Files\QVariantProperties</Filter>
    </ClCompile>
    <ClCompile Include="GeneratedFiles\Debug\moc_qpixmappropertyeditor.cpp">
      <Filter>Generated Files\Debug</Filter>
    </ClCompile>
    <ClCompile Include="GeneratedFiles\Release\moc_qpixmappropertyeditor.cpp">
      <Filter>Generated Files\Release</Filter>
    </ClCompile>
    <ClCompile Include="qpixmappropertyeditor.cpp">
      <Filter>Source Files\Editors</Filter>
    </ClCompile>
    <ClCompile Include="GeneratedFiles\Debug\moc_qpixmapvariantproperty.cpp">
      <Filter>Generated Files\Debug</Filter>
    </ClCompile>
    <ClCompile Include="GeneratedFiles\Release\moc_qpixmapvariantproperty.cpp">
      <Filter>Generated Files\Release</Filter>
    </ClCompile>
    <ClCompile Include="qpixmapvariantproperty.cpp">
      <Filter>Source Files\QVariantProperties</Filter>
    </ClCompile>
    <ClCompile Include="GeneratedFiles\Debug\moc_qbitmappropertyeditor.cpp">
      <Filter>Generated Files\Debug</Filter>
    </ClCompile>
    <ClCompile Include="GeneratedFiles\Release\moc_qbitmappropertyeditor.cpp">
      <Filter>Generated Files\Release</Filter>
    </ClCompile>
    <ClCompile Include="qbitmappropertyeditor.cpp">
      <Filter>Source Files\Editors</Filter>
    </ClCompile>
    <ClCompile Include="GeneratedFiles\Debug\moc_qbitmapvariantproperty.cpp">
      <Filter>Generated Files\Debug</Filter>
    </ClCompile>
    <ClCompile Include="GeneratedFiles\Release\moc_qbitmapvariantproperty.cpp">
      <Filter>Generated Files\Release</Filter>
    </ClCompile>
    <ClCompile Include="qbitmapvariantproperty.cpp">
      <Filter>Source Files\QVariantProperties</Filter>
    </ClCompile>
    <ClCompile Include="GeneratedFiles\Debug\moc_qenumvariantproperty.cpp">
      <Filter>Generated Files\Debug</Filter>
    </ClCompile>
    <ClCompile Include="GeneratedFiles\Release\moc_qenumvariantproperty.cpp">
      <Filter>Generated Files\Release</Filter>
    </ClCompile>
    <ClCompile Include="qenumvariantproperty.cpp">
      <Filter>Source Files\QVariantProperties</Filter>
    </ClCompile>
    <ClCompile Include="GeneratedFiles\Debug\moc_qenumpropertyeditor.cpp">
      <Filter>Generated Files\Debug</Filter>
    </ClCompile>
    <ClCompile Include="GeneratedFiles\Release\moc_qenumpropertyeditor.cpp">
      <Filter>Generated Files\Release</Filter>
    </ClCompile>
    <ClCompile Include="qenumpropertyeditor.cpp">
      <Filter>Source Files\Editors</Filter>
    </ClCompile>
    <ClCompile Include="GeneratedFiles\Debug\moc_qflagsvariantproperty.cpp">
      <Filter>Generated Files\Debug</Filter>
    </ClCompile>
    <ClCompile Include="GeneratedFiles\Release\moc_qflagsvariantproperty.cpp">
      <Filter>Generated Files\Release</Filter>
    </ClCompile>
    <ClCompile Include="qflagsvariantproperty.cpp">
      <Filter>Source Files\QVariantProperties</Filter>
    </ClCompile>
  </ItemGroup>
  <ItemGroup>
    <ClInclude Include="stdafx.h">
      <Filter>Header Files</Filter>
    </ClInclude>
    <ClInclude Include="GeneratedFiles\ui_qtpropertygrid.h">
      <Filter>Generated Files</Filter>
    </ClInclude>
  </ItemGroup>
  <ItemGroup>
    <CustomBuild Include="qtpropertygrid.ui">
      <Filter>Form Files</Filter>
    </CustomBuild>
    <CustomBuild Include="qtpropertygrid.qrc">
      <Filter>Resource Files</Filter>
    </CustomBuild>
    <CustomBuild Include="qtpropertymodel.h">
      <Filter>Header Files</Filter>
    </CustomBuild>
    <CustomBuild Include="qvariantqobjectproperty.h">
      <Filter>Header Files\QVariantProperties</Filter>
    </CustomBuild>
    <CustomBuild Include="qvariantobjectsuperclassproperty.h">
      <Filter>Header Files\QVariantProperties</Filter>
    </CustomBuild>
    <CustomBuild Include="qboolvariantproperty.h">
      <Filter>Header Files\QVariantProperties</Filter>
    </CustomBuild>
    <CustomBuild Include="qvariantproperty.h">
      <Filter>Header Files\QVariantProperties</Filter>
    </CustomBuild>
    <CustomBuild Include="qvariantpropertybaseeditor.h">
      <Filter>Header Files\Editors</Filter>
    </CustomBuild>
    <CustomBuild Include="testobject.h">
      <Filter>Header Files\TestObjects</Filter>
    </CustomBuild>
    <CustomBuild Include="qfontvariantproperty.h">
      <Filter>Header Files\QVariantProperties</Filter>
    </CustomBuild>
    <CustomBuild Include="qabstractvariantpropertypopupeditor.h">
      <Filter>Header Files\Editors</Filter>
    </CustomBuild>
    <CustomBuild Include="qcolorvariantproperty.h">
      <Filter>Header Files\QVariantProperties</Filter>
    </CustomBuild>
    <CustomBuild Include="qcolorpropertyeditor.h">
      <Filter>Header Files\Editors</Filter>
    </CustomBuild>
    <CustomBuild Include="qvariantpropertydelegate.h">
      <Filter>Header Files\Editors</Filter>
    </CustomBuild>
    <CustomBuild Include="qfontpropertyeditor.h">
      <Filter>Header Files\Editors</Filter>
    </CustomBuild>
    <CustomBuild Include="qabstractpropertyeditor.h">
      <Filter>Header Files\Editors</Filter>
    </CustomBuild>
    <CustomBuild Include="qfontfamilyproperty.h">
      <Filter>Header Files\QDerivedVariantProperties</Filter>
    </CustomBuild>
    <CustomBuild Include="qpropertyfromlisteditor.h">
      <Filter>Header Files\Editors</Filter>
    </CustomBuild>
    <CustomBuild Include="qfontfamilypropertyeditor.h">
      <Filter>Header Files\Editors</Filter>
    </CustomBuild>
    <CustomBuild Include="qsizevariantproperty.h">
      <Filter>Header Files\QVariantProperties</Filter>
    </CustomBuild>
    <CustomBuild Include="qsizefvariantproperty.h">
      <Filter>Header Files\QVariantProperties</Filter>
    </CustomBuild>
    <CustomBuild Include="usefulenums.h">
      <Filter>Header Files</Filter>
    </CustomBuild>
    <CustomBuild Include="qrectvariantproperty.h">
      <Filter>Header Files\QVariantProperties</Filter>
    </CustomBuild>
    <CustomBuild Include="qrectfvariantproperty.h">
      <Filter>Header Files\QVariantProperties</Filter>
    </CustomBuild>
    <CustomBuild Include="qtpropertygrid.h">
      <Filter>Header Files\Editors</Filter>
    </CustomBuild>
    <CustomBuild Include="qdoublepropertyeditor.h">
      <Filter>Header Files\Editors</Filter>
    </CustomBuild>
    <CustomBuild Include="qpointvariantproperty.h">
      <Filter>Header Files\QVariantProperties</Filter>
    </CustomBuild>
    <CustomBuild Include="qpointfvariantproperty.h">
      <Filter>Header Files\QVariantProperties</Filter>
    </CustomBuild>
    <CustomBuild Include="qlinevariantproperty.h">
      <Filter>Header Files\QVariantProperties</Filter>
    </CustomBuild>
    <CustomBuild Include="qlinefvariantproperty.h">
      <Filter>Header Files\QVariantProperties</Filter>
    </CustomBuild>
    <CustomBuild Include="qvector2dvariantproperty.h">
      <Filter>Header Files\QVariantProperties</Filter>
    </CustomBuild>
    <CustomBuild Include="qvector3dvariantproperty.h">
      <Filter>Header Files\QVariantProperties</Filter>
    </CustomBuild>
    <CustomBuild Include="qvector4dvariantproperty.h">
      <Filter>Header Files\QVariantProperties</Filter>
    </CustomBuild>
    <CustomBuild Include="qpixmapvariantproperty.h">
      <Filter>Header Files\QVariantProperties</Filter>
    </CustomBuild>
    <CustomBuild Include="qpixmappropertyeditor.h">
      <Filter>Header Files\Editors</Filter>
    </CustomBuild>
    <CustomBuild Include="qbitmappropertyeditor.h">
      <Filter>Header Files\Editors</Filter>
    </CustomBuild>
    <CustomBuild Include="qbitmapvariantproperty.h">
      <Filter>Header Files\QVariantProperties</Filter>
    </CustomBuild>
    <CustomBuild Include="qenumvariantproperty.h">
      <Filter>Header Files\QVariantProperties</Filter>
    </CustomBuild>
    <CustomBuild Include="qenumpropertyeditor.h">
      <Filter>Header Files\Editors</Filter>
    </CustomBuild>
    <CustomBuild Include="qflagsvariantproperty.h">
      <Filter>Header Files\QVariantProperties</Filter>
    </CustomBuild>
  </ItemGroup>
  <ItemGroup>
    <ResourceCompile Include="QtPropertyGrid.rc" />
  </ItemGroup>
  <ItemGroup>
    <None Include="QPropertyModel.cd" />
  </ItemGroup>
</Project>